// !$*UTF8*$!
{
	archiveVersion = 1;
	classes = {
	};
	objectVersion = 45;
	objects = {

/* Begin PBXBuildFile section */
		814AF57016E45CA200A7F476 /* tablasim.c in Sources */ = {isa = PBXBuildFile; fileRef = 814AF56F16E45CA100A7F476 /* tablasim.c */; };
		D062748216D17B7E0064C3B6 /* anasin.c in Sources */ = {isa = PBXBuildFile; fileRef = D062748116D17B7E0064C3B6 /* anasin.c */; };
		D06274CC16D196C40064C3B6 /* Stack.c in Sources */ = {isa = PBXBuildFile; fileRef = D06274CA16D196C30064C3B6 /* Stack.c */; };
		D06274CE16D1B72D0064C3B6 /* List.h in Sources */ = {isa = PBXBuildFile; fileRef = D06274CD16D1B72D0064C3B6 /* List.h */; };
		DD9F13171416C92000BE4765 /* analex.c in Sources */ = {isa = PBXBuildFile; fileRef = DD9F13161416C92000BE4765 /* analex.c */; };
/* End PBXBuildFile section */

/* Begin PBXCopyFilesBuildPhase section */
		8DD76FAF0486AB0100D96B5E /* CopyFiles */ = {
			isa = PBXCopyFilesBuildPhase;
			buildActionMask = 8;
			dstPath = /usr/share/man/man1/;
			dstSubfolderSpec = 0;
			files = (
			);
			runOnlyForDeploymentPostprocessing = 1;
		};
/* End PBXCopyFilesBuildPhase section */

/* Begin PBXFileReference section */
		814AF56F16E45CA100A7F476 /* tablasim.c */ = {isa = PBXFileReference; fileEncoding = 4; lastKnownFileType = sourcecode.c.c; path = tablasim.c; sourceTree = "<group>"; };
		814AF57116E45CFA00A7F476 /* tablasim.h */ = {isa = PBXFileReference; lastKnownFileType = sourcecode.c.h; path = tablasim.h; sourceTree = "<group>"; };
		8DD76FB20486AB0100D96B5E /* Analizador Lexico */ = {isa = PBXFileReference; explicitFileType = "compiled.mach-o.executable"; includeInIndex = 0; path = "Analizador Lexico"; sourceTree = BUILT_PRODUCTS_DIR; };
		D062748116D17B7E0064C3B6 /* anasin.c */ = {isa = PBXFileReference; fileEncoding = 4; lastKnownFileType = sourcecode.c.c; path = anasin.c; sourceTree = "<group>"; };
		D062748316D17DB10064C3B6 /* anasin.h */ = {isa = PBXFileReference; fileEncoding = 4; lastKnownFileType = sourcecode.c.h; path = anasin.h; sourceTree = "<group>"; };
		D06274CA16D196C30064C3B6 /* Stack.c */ = {isa = PBXFileReference; fileEncoding = 4; lastKnownFileType = sourcecode.c.c; path = Stack.c; sourceTree = "<group>"; };
		D06274CB16D196C40064C3B6 /* Stack.h */ = {isa = PBXFileReference; fileEncoding = 4; lastKnownFileType = sourcecode.c.h; path = Stack.h; sourceTree = "<group>"; };
		D06274CD16D1B72D0064C3B6 /* List.h */ = {isa = PBXFileReference; fileEncoding = 4; lastKnownFileType = sourcecode.c.h; path = List.h; sourceTree = "<group>"; };
		D0DDE75916E40492002760DC /* FINALFINAL.xls */ = {isa = PBXFileReference; lastKnownFileType = file; path = FINALFINAL.xls; sourceTree = "<group>"; };
		D0DDE75A16E404B4002760DC /* GramaticaFInal.txt */ = {isa = PBXFileReference; lastKnownFileType = text; path = GramaticaFInal.txt; sourceTree = "<group>"; };
		D0DDE75B16E404D2002760DC /* Regrex */ = {isa = PBXFileReference; lastKnownFileType = text; path = Regrex; sourceTree = "<group>"; };
		DD9F13151416C92000BE4765 /* analex.h */ = {isa = PBXFileReference; fileEncoding = 4; lastKnownFileType = sourcecode.c.h; path = analex.h; sourceTree = "<group>"; };
		DD9F13161416C92000BE4765 /* analex.c */ = {isa = PBXFileReference; fileEncoding = 4; lastKnownFileType = sourcecode.c.c; path = analex.c; sourceTree = "<group>"; };
/* End PBXFileReference section */

/* Begin PBXFrameworksBuildPhase section */
		8DD76FAD0486AB0100D96B5E /* Frameworks */ = {
			isa = PBXFrameworksBuildPhase;
			buildActionMask = 2147483647;
			files = (
			);
			runOnlyForDeploymentPostprocessing = 0;
		};
/* End PBXFrameworksBuildPhase section */

/* Begin PBXGroup section */
		08FB7794FE84155DC02AAC07 /* Analizador Lexico */ = {
			isa = PBXGroup;
			children = (
				08FB7795FE84155DC02AAC07 /* Source */,
				C6A0FF2B0290797F04C91782 /* Documentation */,
				1AB674ADFE9D54B511CA2CBB /* Products */,
			);
			name = "Analizador Lexico";
			sourceTree = "<group>";
		};
		08FB7795FE84155DC02AAC07 /* Source */ = {
			isa = PBXGroup;
			children = (
				D0DDE75A16E404B4002760DC /* GramaticaFInal.txt */,
				D0DDE75916E40492002760DC /* FINALFINAL.xls */,
				DD9F13151416C92000BE4765 /* analex.h */,
				DD9F13161416C92000BE4765 /* analex.c */,
				D062748316D17DB10064C3B6 /* anasin.h */,
				D062748116D17B7E0064C3B6 /* anasin.c */,
				D06274CA16D196C30064C3B6 /* Stack.c */,
				D06274CB16D196C40064C3B6 /* Stack.h */,
				D06274CD16D1B72D0064C3B6 /* List.h */,
				D0DDE75B16E404D2002760DC /* Regrex */,
				814AF57116E45CFA00A7F476 /* tablasim.h */,
				814AF56F16E45CA100A7F476 /* tablasim.c */,
			);
			name = Source;
			sourceTree = "<group>";
		};
		1AB674ADFE9D54B511CA2CBB /* Products */ = {
			isa = PBXGroup;
			children = (
				8DD76FB20486AB0100D96B5E /* Analizador Lexico */,
			);
			name = Products;
			sourceTree = "<group>";
		};
		C6A0FF2B0290797F04C91782 /* Documentation */ = {
			isa = PBXGroup;
			children = (
			);
			name = Documentation;
			sourceTree = "<group>";
		};
/* End PBXGroup section */

/* Begin PBXNativeTarget section */
		8DD76FA90486AB0100D96B5E /* Analizador Lexico */ = {
			isa = PBXNativeTarget;
			buildConfigurationList = 1DEB928508733DD80010E9CD /* Build configuration list for PBXNativeTarget "Analizador Lexico" */;
			buildPhases = (
				8DD76FAB0486AB0100D96B5E /* Sources */,
				8DD76FAD0486AB0100D96B5E /* Frameworks */,
				8DD76FAF0486AB0100D96B5E /* CopyFiles */,
			);
			buildRules = (
			);
			dependencies = (
			);
			name = "Analizador Lexico";
			productInstallPath = "$(HOME)/bin";
			productName = "Analizador Lexico";
			productReference = 8DD76FB20486AB0100D96B5E /* Analizador Lexico */;
			productType = "com.apple.product-type.tool";
		};
/* End PBXNativeTarget section */

/* Begin PBXProject section */
		08FB7793FE84155DC02AAC07 /* Project object */ = {
			isa = PBXProject;
			buildConfigurationList = 1DEB928908733DD80010E9CD /* Build configuration list for PBXProject "Analizador Lexico" */;
			compatibilityVersion = "Xcode 3.1";
			developmentRegion = English;
			hasScannedForEncodings = 1;
			knownRegions = (
				en,
			);
			mainGroup = 08FB7794FE84155DC02AAC07 /* Analizador Lexico */;
			projectDirPath = "";
			projectRoot = "";
			targets = (
				8DD76FA90486AB0100D96B5E /* Analizador Lexico */,
			);
		};
/* End PBXProject section */

/* Begin PBXSourcesBuildPhase section */
		8DD76FAB0486AB0100D96B5E /* Sources */ = {
			isa = PBXSourcesBuildPhase;
			buildActionMask = 2147483647;
			files = (
				DD9F13171416C92000BE4765 /* analex.c in Sources */,
				D062748216D17B7E0064C3B6 /* anasin.c in Sources */,
				D06274CC16D196C40064C3B6 /* Stack.c in Sources */,
				D06274CE16D1B72D0064C3B6 /* List.h in Sources */,
				814AF57016E45CA200A7F476 /* tablasim.c in Sources */,
			);
			runOnlyForDeploymentPostprocessing = 0;
		};
/* End PBXSourcesBuildPhase section */

/* Begin XCBuildConfiguration section */
		1DEB928608733DD80010E9CD /* Debug */ = {
			isa = XCBuildConfiguration;
			buildSettings = {
				ALWAYS_SEARCH_USER_PATHS = NO;
				COPY_PHASE_STRIP = NO;
				GCC_DYNAMIC_NO_PIC = NO;
				GCC_ENABLE_FIX_AND_CONTINUE = YES;
				GCC_MODEL_TUNING = G5;
				GCC_OPTIMIZATION_LEVEL = 0;
				INSTALL_PATH = /usr/local/bin;
				PRODUCT_NAME = "Analizador Lexico";
				SDKROOT = macosx10.7;
			};
			name = Debug;
		};
		1DEB928708733DD80010E9CD /* Release */ = {
			isa = XCBuildConfiguration;
			buildSettings = {
				ALWAYS_SEARCH_USER_PATHS = NO;
				DEBUG_INFORMATION_FORMAT = "dwarf-with-dsym";
				GCC_MODEL_TUNING = G5;
				INSTALL_PATH = /usr/local/bin;
				PRODUCT_NAME = "Analizador Lexico";
				SDKROOT = macosx10.7;
			};
			name = Release;
		};
		1DEB928A08733DD80010E9CD /* Debug */ = {
			isa = XCBuildConfiguration;
			buildSettings = {
				ARCHS = "$(NATIVE_ARCH_ACTUAL)";
				GCC_C_LANGUAGE_STANDARD = gnu99;
				GCC_OPTIMIZATION_LEVEL = 0;
				GCC_WARN_ABOUT_RETURN_TYPE = YES;
				GCC_WARN_UNUSED_VARIABLE = YES;
				ONLY_ACTIVE_ARCH = YES;
				PREBINDING = NO;
				SDKROOT = macosx10.6;
				STRIP_INSTALLED_PRODUCT = YES;
			};
			name = Debug;
		};
		1DEB928B08733DD80010E9CD /* Release */ = {
			isa = XCBuildConfiguration;
			buildSettings = {
				ARCHS = "$(NATIVE_ARCH_ACTUAL)";
				GCC_C_LANGUAGE_STANDARD = gnu99;
				GCC_WARN_ABOUT_RETURN_TYPE = YES;
				GCC_WARN_UNUSED_VARIABLE = YES;
				PREBINDING = NO;
				SDKROOT = macosx10.6;
				STRIP_INSTALLED_PRODUCT = YES;
			};
			name = Release;
		};
/* End XCBuildConfiguration section */

/* Begin XCConfigurationList section */
		1DEB928508733DD80010E9CD /* Build configuration list for PBXNativeTarget "Analizador Lexico" */ = {
			isa = XCConfigurationList;
			buildConfigurations = (
				1DEB928608733DD80010E9CD /* Debug */,
				1DEB928708733DD80010E9CD /* Release */,
			);
			defaultConfigurationIsVisible = 0;
			defaultConfigurationName = Release;
		};
		1DEB928908733DD80010E9CD /* Build configuration list for PBXProject "Analizador Lexico" */ = {
			isa = XCConfigurationList;
			buildConfigurations = (
				1DEB928A08733DD80010E9CD /* Debug */,
				1DEB928B08733DD80010E9CD /* Release */,
			);
			defaultConfigurationIsVisible = 0;
			defaultConfigurationName = Release;
		};
/* End XCConfigurationList section */
	};
	rootObject = 08FB7793FE84155DC02AAC07 /* Project object */;
}
